
Microsoft Visual Studio Solution File, Format Version 12.00
# Visual Studio 15
VisualStudioVersion = 15.0.28307.1169
MinimumVisualStudioVersion = 10.0.40219.1
Project("{FAE04EC0-301F-11D3-BF4B-00C04F79EFBC}") = "callall", "callall.csproj", "{57C8409C-0518-496C-8969-7009DB5D3351}"
EndProject
Global
	GlobalSection(SolutionConfigurationPlatforms) = preSolution
		Debug|Any CPU = Debug|Any CPU
		Release|Any CPU = Release|Any CPU
	EndGlobalSection
	GlobalSection(ProjectConfigurationPlatforms) = postSolution
		{57C8409C-0518-496C-8969-7009DB5D3351}.Debug|Any CPU.ActiveCfg = Debug|Any CPU
		{57C8409C-0518-496C-8969-7009DB5D3351}.Debug|Any CPU.Build.0 = Debug|Any CPU
		{57C8409C-0518-496C-8969-7009DB5D3351}.Release|Any CPU.ActiveCfg = Release|Any CPU
		{57C8409C-0518-496C-8969-7009DB5D3351}.Release|Any CPU.Build.0 = Release|Any CPU
	EndGlobalSection
	GlobalSection(SolutionProperties) = preSolution
		HideSolutionNode = FALSE
	EndGlobalSection
	GlobalSection(ExtensibilityGlobals) = postSolution
		SolutionGuid = {A6FE112D-252F-42D0-8E2D-56B9949FA2A6}
	EndGlobalSection
EndGlobal
